
Microsoft Visual Studio Solution File, Format Version 12.00
# Visual Studio 2013
VisualStudioVersion = 12.0.31101.0
MinimumVisualStudioVersion = 10.0.40219.1
Project("{FAE04EC0-301F-11D3-BF4B-00C04F79EFBC}") = "PlayWithTrees", "PlayWithTrees\PlayWithTrees.csproj", "{B2C670E9-10E0-4C31-9B10-5079CF47BDDC}"
EndProject
Project("{FAE04EC0-301F-11D3-BF4B-00C04F79EFBC}") = "TraverseAndSaveDirectoryContents", "TraverseAndSaveDirectoryContents\TraverseAndSaveDirectoryContents.csproj", "{2651106C-3A3E-4C36-89FC-E27362C4D850}"
EndProject
Global
	GlobalSection(SolutionConfigurationPlatforms) = preSolution
		Debug|Any CPU = Debug|Any CPU
		Release|Any CPU = Release|Any CPU
	EndGlobalSection
	GlobalSection(ProjectConfigurationPlatforms) = postSolution
		{B2C670E9-10E0-4C31-9B10-5079CF47BDDC}.Debug|Any CPU.ActiveCfg = Debug|Any CPU
		{B2C670E9-10E0-4C31-9B10-5079CF47BDDC}.Debug|Any CPU.Build.0 = Debug|Any CPU
		{B2C670E9-10E0-4C31-9B10-5079CF47BDDC}.Release|Any CPU.ActiveCfg = Release|Any CPU
		{B2C670E9-10E0-4C31-9B10-5079CF47BDDC}.Release|Any CPU.Build.0 = Release|Any CPU
		{2651106C-3A3E-4C36-89FC-E27362C4D850}.Debug|Any CPU.ActiveCfg = Debug|Any CPU
		{2651106C-3A3E-4C36-89FC-E27362C4D850}.Debug|Any CPU.Build.0 = Debug|Any CPU
		{2651106C-3A3E-4C36-89FC-E27362C4D850}.Release|Any CPU.ActiveCfg = Release|Any CPU
		{2651106C-3A3E-4C36-89FC-E27362C4D850}.Release|Any CPU.Build.0 = Release|Any CPU
	EndGlobalSection
	GlobalSection(SolutionProperties) = preSolution
		HideSolutionNode = FALSE
	EndGlobalSection
EndGlobal
