
Microsoft Visual Studio Solution File, Format Version 12.00
# Visual Studio 2013
VisualStudioVersion = 12.0.31101.0
MinimumVisualStudioVersion = 10.0.40219.1
Project("{FAE04EC0-301F-11D3-BF4B-00C04F79EFBC}") = "01.ReverseNumbersWithStack", "ReverseNumbersWithStack\01.ReverseNumbersWithStack.csproj", "{3D3A4BFD-E7B1-4C75-8F0D-CB7879858EED}"
EndProject
Project("{FAE04EC0-301F-11D3-BF4B-00C04F79EFBC}") = "02.CalculateSequenceWithQueue", "CalculateSequenceWithQueue\02.CalculateSequenceWithQueue.csproj", "{51908A79-6911-4715-B248-FC9B21C4052D}"
EndProject
Project("{FAE04EC0-301F-11D3-BF4B-00C04F79EFBC}") = "03.ImplementArrayBasedStack", "ImplementArrayBasedStack\03.ImplementArrayBasedStack.csproj", "{9C1554F3-F1CB-4909-B434-08E32341A2D0}"
EndProject
Project("{FAE04EC0-301F-11D3-BF4B-00C04F79EFBC}") = "05.LinkedStack", "LinkedStack\05.LinkedStack.csproj", "{7892ABE1-6B7F-401E-AB44-7CB2DCDE0ACF}"
EndProject
Global
	GlobalSection(SolutionConfigurationPlatforms) = preSolution
		Debug|Any CPU = Debug|Any CPU
		Release|Any CPU = Release|Any CPU
	EndGlobalSection
	GlobalSection(ProjectConfigurationPlatforms) = postSolution
		{3D3A4BFD-E7B1-4C75-8F0D-CB7879858EED}.Debug|Any CPU.ActiveCfg = Debug|Any CPU
		{3D3A4BFD-E7B1-4C75-8F0D-CB7879858EED}.Debug|Any CPU.Build.0 = Debug|Any CPU
		{3D3A4BFD-E7B1-4C75-8F0D-CB7879858EED}.Release|Any CPU.ActiveCfg = Release|Any CPU
		{3D3A4BFD-E7B1-4C75-8F0D-CB7879858EED}.Release|Any CPU.Build.0 = Release|Any CPU
		{51908A79-6911-4715-B248-FC9B21C4052D}.Debug|Any CPU.ActiveCfg = Debug|Any CPU
		{51908A79-6911-4715-B248-FC9B21C4052D}.Debug|Any CPU.Build.0 = Debug|Any CPU
		{51908A79-6911-4715-B248-FC9B21C4052D}.Release|Any CPU.ActiveCfg = Release|Any CPU
		{51908A79-6911-4715-B248-FC9B21C4052D}.Release|Any CPU.Build.0 = Release|Any CPU
		{9C1554F3-F1CB-4909-B434-08E32341A2D0}.Debug|Any CPU.ActiveCfg = Debug|Any CPU
		{9C1554F3-F1CB-4909-B434-08E32341A2D0}.Debug|Any CPU.Build.0 = Debug|Any CPU
		{9C1554F3-F1CB-4909-B434-08E32341A2D0}.Release|Any CPU.ActiveCfg = Release|Any CPU
		{9C1554F3-F1CB-4909-B434-08E32341A2D0}.Release|Any CPU.Build.0 = Release|Any CPU
		{7892ABE1-6B7F-401E-AB44-7CB2DCDE0ACF}.Debug|Any CPU.ActiveCfg = Debug|Any CPU
		{7892ABE1-6B7F-401E-AB44-7CB2DCDE0ACF}.Debug|Any CPU.Build.0 = Debug|Any CPU
		{7892ABE1-6B7F-401E-AB44-7CB2DCDE0ACF}.Release|Any CPU.ActiveCfg = Release|Any CPU
		{7892ABE1-6B7F-401E-AB44-7CB2DCDE0ACF}.Release|Any CPU.Build.0 = Release|Any CPU
	EndGlobalSection
	GlobalSection(SolutionProperties) = preSolution
		HideSolutionNode = FALSE
	EndGlobalSection
EndGlobal
